
Microsoft Visual Studio Solution File, Format Version 12.00
# Visual Studio 2012
Project("{FAE04EC0-301F-11D3-BF4B-00C04F79EFBC}") = "CardGame.Logic", "Cards.Logic\CardGame.Logic.csproj", "{9808A1FC-D997-48BF-BA26-6AEB8B218339}"
EndProject
Project("{FAE04EC0-301F-11D3-BF4B-00C04F79EFBC}") = "CardGame.Test", "CardsGame.Test\CardGame.Test.csproj", "{AC2CBE70-702B-4495-BED8-30530EBB43B2}"
EndProject
Project("{2150E333-8FDC-42A3-9474-1A3956D46DE8}") = "SolutionItems", "SolutionItems", "{777CF7AB-7C08-4346-AF19-60A49944CBB4}"
	ProjectSection(SolutionItems) = preProject
		CardGame.ruleset = CardGame.ruleset
	EndProjectSection
EndProject
Global
	GlobalSection(SolutionConfigurationPlatforms) = preSolution
		Debug|Any CPU = Debug|Any CPU
		Release|Any CPU = Release|Any CPU
	EndGlobalSection
	GlobalSection(ProjectConfigurationPlatforms) = postSolution
		{9808A1FC-D997-48BF-BA26-6AEB8B218339}.Debug|Any CPU.ActiveCfg = Debug|Any CPU
		{9808A1FC-D997-48BF-BA26-6AEB8B218339}.Debug|Any CPU.Build.0 = Debug|Any CPU
		{9808A1FC-D997-48BF-BA26-6AEB8B218339}.Release|Any CPU.ActiveCfg = Release|Any CPU
		{9808A1FC-D997-48BF-BA26-6AEB8B218339}.Release|Any CPU.Build.0 = Release|Any CPU
		{AC2CBE70-702B-4495-BED8-30530EBB43B2}.Debug|Any CPU.ActiveCfg = Debug|Any CPU
		{AC2CBE70-702B-4495-BED8-30530EBB43B2}.Debug|Any CPU.Build.0 = Debug|Any CPU
		{AC2CBE70-702B-4495-BED8-30530EBB43B2}.Release|Any CPU.ActiveCfg = Release|Any CPU
		{AC2CBE70-702B-4495-BED8-30530EBB43B2}.Release|Any CPU.Build.0 = Release|Any CPU
	EndGlobalSection
	GlobalSection(SolutionProperties) = preSolution
		HideSolutionNode = FALSE
	EndGlobalSection
EndGlobal
